{
  "name": "react-native-sentry",
  "version": "0.14.13",
  "lockfileVersion": 1,
  "dependencies": {
    "ansi-escapes": {
      "version": "1.4.0",
      "resolved": "https://registry.npmjs.org/ansi-escapes/-/ansi-escapes-1.4.0.tgz",
      "integrity": "sha1-06ioOzGapneTZisT52HHkRQiMG4="
    },
    "ansi-regex": {
      "version": "2.1.1",
      "resolved": "https://registry.npmjs.org/ansi-regex/-/ansi-regex-2.1.1.tgz",
      "integrity": "sha1-w7M6te42DYbg5ijwRorn7yfWVN8="
    },
    "ansi-styles": {
      "version": "2.2.1",
      "resolved": "https://registry.npmjs.org/ansi-styles/-/ansi-styles-2.2.1.tgz",
      "integrity": "sha1-tDLdM1i2NM914eRmQ2gkBTPB3b4="
    },
    "app-root-path": {
      "version": "2.0.1",
      "resolved": "https://registry.npmjs.org/app-root-path/-/app-root-path-2.0.1.tgz",
      "integrity": "sha1-zWLc+OT9WkF+/GZNLlsQZTxlG0Y=",
      "dev": true
    },
    "argparse": {
      "version": "1.0.9",
      "resolved": "https://registry.npmjs.org/argparse/-/argparse-1.0.9.tgz",
      "integrity": "sha1-c9g7wmP4bpf4zE9rrhsOkKfSLIY=",
      "dev": true
    },
    "balanced-match": {
      "version": "1.0.0",
      "resolved": "https://registry.npmjs.org/balanced-match/-/balanced-match-1.0.0.tgz",
      "integrity": "sha1-ibTRmasr7kneFk6gK4nORi1xt2c="
    },
    "base64-js": {
      "version": "1.1.2",
      "resolved": "https://registry.npmjs.org/base64-js/-/base64-js-1.1.2.tgz",
      "integrity": "sha1-1kAMrBxMZgl22Q0HoENR2JOV9eg="
    },
    "big-integer": {
      "version": "1.6.23",
      "resolved": "https://registry.npmjs.org/big-integer/-/big-integer-1.6.23.tgz",
      "integrity": "sha1-6F1QgiDHTj9DpM5y7tUfPaTblNE="
    },
    "bplist-creator": {
      "version": "0.0.7",
      "resolved": "https://registry.npmjs.org/bplist-creator/-/bplist-creator-0.0.7.tgz",
      "integrity": "sha1-N98VNgkoJLh8QvlXsBNEEXNyrkU="
    },
    "bplist-parser": {
      "version": "0.1.1",
      "resolved": "https://registry.npmjs.org/bplist-parser/-/bplist-parser-0.1.1.tgz",
      "integrity": "sha1-1g1dzCDLptx+HymbNdPh+V2vuuY="
    },
    "brace-expansion": {
      "version": "1.1.8",
      "resolved": "https://registry.npmjs.org/brace-expansion/-/brace-expansion-1.1.8.tgz",
      "integrity": "sha1-wHshHHyVLsH479Uad+8NHTmQopI="
    },
    "chalk": {
      "version": "1.1.3",
      "resolved": "https://registry.npmjs.org/chalk/-/chalk-1.1.3.tgz",
      "integrity": "sha1-qBFcVeSnAv5NFQq9OHKCKn4J/Jg="
    },
    "ci-info": {
      "version": "1.0.0",
      "resolved": "https://registry.npmjs.org/ci-info/-/ci-info-1.0.0.tgz",
      "integrity": "sha1-3FKF8rTiUYIWg2gcOBwziPRuxTQ=",
      "dev": true
    },
    "cli-cursor": {
      "version": "2.1.0",
      "resolved": "https://registry.npmjs.org/cli-cursor/-/cli-cursor-2.1.0.tgz",
      "integrity": "sha1-s12sN2R5+sw+lHR9QdDQ9SOP/LU="
    },
    "cli-spinners": {
      "version": "0.1.2",
      "resolved": "https://registry.npmjs.org/cli-spinners/-/cli-spinners-0.1.2.tgz",
      "integrity": "sha1-u3ZNiOGF+54eaiofGXcjGPYF4xw=",
      "dev": true
    },
    "cli-truncate": {
      "version": "0.2.1",
      "resolved": "https://registry.npmjs.org/cli-truncate/-/cli-truncate-0.2.1.tgz",
      "integrity": "sha1-nxXPuwcFAFNpIWxiasfQWrkN1XQ=",
      "dev": true,
      "dependencies": {
        "is-fullwidth-code-point": {
          "version": "1.0.0",
          "resolved": "https://registry.npmjs.org/is-fullwidth-code-point/-/is-fullwidth-code-point-1.0.0.tgz",
          "integrity": "sha1-754xOG8DGn8NZDr4L95QxFfvAMs=",
          "dev": true
        },
        "string-width": {
          "version": "1.0.2",
          "resolved": "https://registry.npmjs.org/string-width/-/string-width-1.0.2.tgz",
          "integrity": "sha1-EYvfW4zcUaKn5w0hHgfisLmxB9M=",
          "dev": true
        }
      }
    },
    "cli-width": {
      "version": "2.1.0",
      "resolved": "https://registry.npmjs.org/cli-width/-/cli-width-2.1.0.tgz",
      "integrity": "sha1-sjTKIJsp72b8UY2bmNWEewDt8Ao="
    },
    "code-point-at": {
      "version": "1.1.0",
      "resolved": "https://registry.npmjs.org/code-point-at/-/code-point-at-1.1.0.tgz",
      "integrity": "sha1-DQcLTQQ6W+ozovGkDi7bPZpMz3c=",
      "dev": true
    },
    "commander": {
      "version": "2.11.0",
      "resolved": "https://registry.npmjs.org/commander/-/commander-2.11.0.tgz",
      "integrity": "sha512-b0553uYA5YAEGgyYIGYROzKQ7X5RAqedkfjiZxwi0kL1g3bOaBNNZfYkzt/CL0umgD5wc9Jec2FbB98CjkMRvQ==",
      "dev": true
    },
    "concat-map": {
      "version": "0.0.1",
      "resolved": "https://registry.npmjs.org/concat-map/-/concat-map-0.0.1.tgz",
      "integrity": "sha1-2Klr13/Wjfd5OnMDajug1UBdR3s="
    },
    "cosmiconfig": {
      "version": "1.1.0",
      "resolved": "https://registry.npmjs.org/cosmiconfig/-/cosmiconfig-1.1.0.tgz",
      "integrity": "sha1-DeoPmATv37kp+7GxiOJVU+oFPTc=",
      "dev": true
    },
    "cross-spawn": {
      "version": "5.1.0",
      "resolved": "https://registry.npmjs.org/cross-spawn/-/cross-spawn-5.1.0.tgz",
      "integrity": "sha1-6L0O/uWPz/b4+UUQoKVUu/ojVEk=",
      "dev": true
    },
    "date-fns": {
      "version": "1.28.5",
      "resolved": "https://registry.npmjs.org/date-fns/-/date-fns-1.28.5.tgz",
      "integrity": "sha1-JXz8RdMi30XvVlhmWWfuhBzXP68=",
      "dev": true
    },
    "doctrine": {
      "version": "2.0.0",
      "resolved": "https://registry.npmjs.org/doctrine/-/doctrine-2.0.0.tgz",
      "integrity": "sha1-xz2NKQnSIpHhoAejlYBNqLZl/mM=",
      "dev": true
    },
    "elegant-spinner": {
      "version": "1.0.1",
      "resolved": "https://registry.npmjs.org/elegant-spinner/-/elegant-spinner-1.0.1.tgz",
      "integrity": "sha1-2wQ1IcldfjA/2PNFvtwzSc+wcp4=",
      "dev": true
    },
    "error-ex": {
      "version": "1.3.1",
      "resolved": "https://registry.npmjs.org/error-ex/-/error-ex-1.3.1.tgz",
      "integrity": "sha1-+FWobOYa3E6GIcPNoh56dhLDqNw=",
      "dev": true
    },
    "escape-string-regexp": {
      "version": "1.0.5",
      "resolved": "https://registry.npmjs.org/escape-string-regexp/-/escape-string-regexp-1.0.5.tgz",
      "integrity": "sha1-G2HAViGQqN/2rjuyzwIAyhMLhtQ="
    },
    "eslint-plugin-react": {
      "version": "7.1.0",
      "resolved": "https://registry.npmjs.org/eslint-plugin-react/-/eslint-plugin-react-7.1.0.tgz",
      "integrity": "sha1-J3cKzzn1/UnNCvQIPOWBBOs5DUw=",
      "dev": true
    },
    "esprima": {
      "version": "4.0.0",
      "resolved": "https://registry.npmjs.org/esprima/-/esprima-4.0.0.tgz",
      "integrity": "sha512-oftTcaMu/EGrEIu904mWteKIv8vMuOgGYo7EhVJJN00R/EED9DCua/xxHRdYnKtcECzVg7xOWhflvJMnqcFZjw==",
      "dev": true
    },
    "esutils": {
      "version": "2.0.2",
      "resolved": "https://registry.npmjs.org/esutils/-/esutils-2.0.2.tgz",
      "integrity": "sha1-Cr9PHKpbyx96nYrMbepPqqBLrJs=",
      "dev": true
    },
    "execa": {
      "version": "0.7.0",
      "resolved": "https://registry.npmjs.org/execa/-/execa-0.7.0.tgz",
      "integrity": "sha1-lEvs00zEHuMqY6n68nrVpl/Fl3c=",
      "dev": true
    },
    "exit-hook": {
      "version": "1.1.1",
      "resolved": "https://registry.npmjs.org/exit-hook/-/exit-hook-1.1.1.tgz",
      "integrity": "sha1-8FyiM7SMBdVP/wd2XfhQfpXAL/g=",
      "dev": true
    },
    "external-editor": {
      "version": "2.0.4",
      "resolved": "https://registry.npmjs.org/external-editor/-/external-editor-2.0.4.tgz",
      "integrity": "sha1-HtkZnanL/i7y96MbL96LDRI2iXI="
    },
    "figures": {
      "version": "2.0.0",
      "resolved": "https://registry.npmjs.org/figures/-/figures-2.0.0.tgz",
      "integrity": "sha1-OrGi0qYsi/tDGgyUy3l6L84nyWI="
    },
    "find-parent-dir": {
      "version": "0.3.0",
      "resolved": "https://registry.npmjs.org/find-parent-dir/-/find-parent-dir-0.3.0.tgz",
      "integrity": "sha1-M8RLQpqysvBkYpnF+fcY83b/jVQ=",
      "dev": true
    },
    "fs.realpath": {
      "version": "1.0.0",
      "resolved": "https://registry.npmjs.org/fs.realpath/-/fs.realpath-1.0.0.tgz",
      "integrity": "sha1-FQStJSMVjKpA20onh8sBQRmU6k8="
    },
    "function-bind": {
      "version": "1.1.0",
      "resolved": "https://registry.npmjs.org/function-bind/-/function-bind-1.1.0.tgz",
      "integrity": "sha1-FhdnFMgBeY5Ojyz391KUZ7tKV3E=",
      "dev": true
    },
    "get-stream": {
      "version": "3.0.0",
      "resolved": "https://registry.npmjs.org/get-stream/-/get-stream-3.0.0.tgz",
      "integrity": "sha1-jpQ9E1jcN1VQVOy+LtsFqhdO3hQ=",
      "dev": true
    },
    "glob": {
      "version": "7.1.1",
      "resolved": "https://registry.npmjs.org/glob/-/glob-7.1.1.tgz",
      "integrity": "sha1-gFIR3wT6rxxjo2ADBs31reULLsg="
    },
    "graceful-fs": {
      "version": "4.1.11",
      "resolved": "https://registry.npmjs.org/graceful-fs/-/graceful-fs-4.1.11.tgz",
      "integrity": "sha1-Dovf5NHduIVNZOBOp8AOKgJuVlg=",
      "dev": true
    },
    "has": {
      "version": "1.0.1",
      "resolved": "https://registry.npmjs.org/has/-/has-1.0.1.tgz",
      "integrity": "sha1-hGFzP1OLCDfJNh45qauelwTcLyg=",
      "dev": true
    },
    "has-ansi": {
      "version": "2.0.0",
      "resolved": "https://registry.npmjs.org/has-ansi/-/has-ansi-2.0.0.tgz",
      "integrity": "sha1-NPUEnOHs3ysGSa8+8k5F7TVBbZE="
    },
    "husky": {
      "version": "0.13.4",
      "resolved": "https://registry.npmjs.org/husky/-/husky-0.13.4.tgz",
      "integrity": "sha1-SHhcUCjeNFKlHEjBLE+UshJKFAc=",
      "dev": true
    },
    "iconv-lite": {
      "version": "0.4.18",
      "resolved": "https://registry.npmjs.org/iconv-lite/-/iconv-lite-0.4.18.tgz",
      "integrity": "sha512-sr1ZQph3UwHTR0XftSbK85OvBbxe/abLGzEnPENCQwmHf7sck8Oyu4ob3LgBxWWxRoM+QszeUyl7jbqapu2TqA=="
    },
    "indent-string": {
      "version": "2.1.0",
      "resolved": "https://registry.npmjs.org/indent-string/-/indent-string-2.1.0.tgz",
      "integrity": "sha1-ji1INIdCEhtKghi3oTfppSBJ3IA=",
      "dev": true
    },
    "inflight": {
      "version": "1.0.6",
      "resolved": "https://registry.npmjs.org/inflight/-/inflight-1.0.6.tgz",
      "integrity": "sha1-Sb1jMdfQLQwJvJEKEHW6gWW1bfk="
    },
    "inherits": {
      "version": "2.0.3",
      "resolved": "https://registry.npmjs.org/inherits/-/inherits-2.0.3.tgz",
      "integrity": "sha1-Yzwsg+PaQqUC9SRmAiSA9CCCYd4="
    },
    "inquirer": {
      "version": "3.0.6",
      "resolved": "https://registry.npmjs.org/inquirer/-/inquirer-3.0.6.tgz",
      "integrity": "sha1-4EqqnQW3o8ubD0B9BDdfBEcZA0c="
    },
    "is-arrayish": {
      "version": "0.2.1",
      "resolved": "https://registry.npmjs.org/is-arrayish/-/is-arrayish-0.2.1.tgz",
      "integrity": "sha1-d8mYQFJ6qOyxqLppe4BkWnqSap0=",
      "dev": true
    },
    "is-ci": {
      "version": "1.0.10",
      "resolved": "https://registry.npmjs.org/is-ci/-/is-ci-1.0.10.tgz",
      "integrity": "sha1-9zkzayYyNlBhqdSCcM1WrjNpMY4=",
      "dev": true
    },
    "is-finite": {
      "version": "1.0.2",
      "resolved": "https://registry.npmjs.org/is-finite/-/is-finite-1.0.2.tgz",
      "integrity": "sha1-zGZ3aVYCvlUO8R6LSqYwU0K20Ko=",
      "dev": true
    },
    "is-fullwidth-code-point": {
      "version": "2.0.0",
      "resolved": "https://registry.npmjs.org/is-fullwidth-code-point/-/is-fullwidth-code-point-2.0.0.tgz",
      "integrity": "sha1-o7MKXE8ZkYMWeqq5O+764937ZU8="
    },
    "is-promise": {
      "version": "2.1.0",
      "resolved": "https://registry.npmjs.org/is-promise/-/is-promise-2.1.0.tgz",
      "integrity": "sha1-eaKp7OfwlugPNtKy87wWwf9L8/o="
    },
    "is-stream": {
      "version": "1.1.0",
      "resolved": "https://registry.npmjs.org/is-stream/-/is-stream-1.1.0.tgz",
      "integrity": "sha1-EtSj3U5o4Lec6428hBc66A2RykQ=",
      "dev": true
    },
    "isarray": {
      "version": "1.0.0",
      "resolved": "https://registry.npmjs.org/isarray/-/isarray-1.0.0.tgz",
      "integrity": "sha1-u5NdSFgsuhaMBoNJV6VKPgcSTxE=",
      "dev": true
    },
    "isexe": {
      "version": "2.0.0",
      "resolved": "https://registry.npmjs.org/isexe/-/isexe-2.0.0.tgz",
      "integrity": "sha1-6PvzdNxVb/iUehDcsFctYz8s+hA=",
      "dev": true
    },
    "js-yaml": {
      "version": "3.9.0",
      "resolved": "https://registry.npmjs.org/js-yaml/-/js-yaml-3.9.0.tgz",
      "integrity": "sha512-0LoUNELX4S+iofCT8f4uEHIiRBR+c2AINyC8qRWfC6QNruLtxVZRJaPcu/xwMgFIgDxF25tGHaDjvxzJCNE9yw==",
      "dev": true
    },
    "jschardet": {
      "version": "1.5.0",
      "resolved": "https://registry.npmjs.org/jschardet/-/jschardet-1.5.0.tgz",
      "integrity": "sha512-+Q8JsoEQbrdE+a/gg1F9XO92gcKXgpE5UACqr0sIubjDmBEkd+OOWPGzQeMrWSLxd73r4dHxBeRW7edHu5LmJQ=="
    },
    "jsx-ast-utils": {
      "version": "1.4.1",
      "resolved": "https://registry.npmjs.org/jsx-ast-utils/-/jsx-ast-utils-1.4.1.tgz",
      "integrity": "sha1-OGchPo3Xm/Ho8jAMDPwe+xgsDfE=",
      "dev": true
    },
    "lint-staged": {
      "version": "3.6.1",
      "resolved": "https://registry.npmjs.org/lint-staged/-/lint-staged-3.6.1.tgz",
      "integrity": "sha1-JEI8i3vZnZbhWs0ayMs5KnjlhYI=",
      "dev": true
    },
    "listr": {
      "version": "0.12.0",
      "resolved": "https://registry.npmjs.org/listr/-/listr-0.12.0.tgz",
      "integrity": "sha1-a84sD1YD+klYDqF81qAMwOX6RRo=",
      "dev": true,
      "dependencies": {
        "figures": {
          "version": "1.7.0",
          "resolved": "https://registry.npmjs.org/figures/-/figures-1.7.0.tgz",
          "integrity": "sha1-y+Hjr/zxzUS4DK3+0o3Hk6lwHS4=",
          "dev": true
        }
      }
    },
    "listr-silent-renderer": {
      "version": "1.1.1",
      "resolved": "https://registry.npmjs.org/listr-silent-renderer/-/listr-silent-renderer-1.1.1.tgz",
      "integrity": "sha1-kktaN1cVN3C/Go4/v3S4u/P5JC4=",
      "dev": true
    },
    "listr-update-renderer": {
      "version": "0.2.0",
      "resolved": "https://registry.npmjs.org/listr-update-renderer/-/listr-update-renderer-0.2.0.tgz",
      "integrity": "sha1-yoDhd5tOcCZoB+ju0a1qvjmFUPk=",
      "dev": true,
      "dependencies": {
        "figures": {
          "version": "1.7.0",
          "resolved": "https://registry.npmjs.org/figures/-/figures-1.7.0.tgz",
          "integrity": "sha1-y+Hjr/zxzUS4DK3+0o3Hk6lwHS4=",
          "dev": true
        },
        "indent-string": {
          "version": "3.1.0",
          "resolved": "https://registry.npmjs.org/indent-string/-/indent-string-3.1.0.tgz",
          "integrity": "sha1-CP9DNGAziDmbMp5rlTjcejz13n0=",
          "dev": true
        }
      }
    },
    "listr-verbose-renderer": {
      "version": "0.4.0",
      "resolved": "https://registry.npmjs.org/listr-verbose-renderer/-/listr-verbose-renderer-0.4.0.tgz",
      "integrity": "sha1-RNwBuww0oDxXIVTU0Izemx3FYg8=",
      "dev": true,
      "dependencies": {
        "cli-cursor": {
          "version": "1.0.2",
          "resolved": "https://registry.npmjs.org/cli-cursor/-/cli-cursor-1.0.2.tgz",
          "integrity": "sha1-ZNo/fValRBLll5S9Ytw1KV6PKYc=",
          "dev": true
        },
        "figures": {
          "version": "1.7.0",
          "resolved": "https://registry.npmjs.org/figures/-/figures-1.7.0.tgz",
          "integrity": "sha1-y+Hjr/zxzUS4DK3+0o3Hk6lwHS4=",
          "dev": true
        },
        "onetime": {
          "version": "1.1.0",
          "resolved": "https://registry.npmjs.org/onetime/-/onetime-1.1.0.tgz",
          "integrity": "sha1-ofeDj4MUxRbwXs78vEzP4EtO14k=",
          "dev": true
        },
        "restore-cursor": {
          "version": "1.0.1",
          "resolved": "https://registry.npmjs.org/restore-cursor/-/restore-cursor-1.0.1.tgz",
          "integrity": "sha1-NGYfRohjJ/7SmRR5FSJS35LapUE=",
          "dev": true
        }
      }
    },
    "lodash": {
      "version": "4.17.4",
      "resolved": "https://registry.npmjs.org/lodash/-/lodash-4.17.4.tgz",
      "integrity": "sha1-eCA6TRwyiuHYbcpkYONptX9AVa4="
    },
    "lodash.chunk": {
      "version": "4.2.0",
      "resolved": "https://registry.npmjs.org/lodash.chunk/-/lodash.chunk-4.2.0.tgz",
      "integrity": "sha1-ZuXOH3btJ7QwPYxlEujRIW6BBrw=",
      "dev": true
    },
    "log-symbols": {
      "version": "1.0.2",
      "resolved": "https://registry.npmjs.org/log-symbols/-/log-symbols-1.0.2.tgz",
      "integrity": "sha1-N2/3tY6jCGoPCfrMdGF+ylAeGhg=",
      "dev": true
    },
    "log-update": {
      "version": "1.0.2",
      "resolved": "https://registry.npmjs.org/log-update/-/log-update-1.0.2.tgz",
      "integrity": "sha1-GZKfZMQJPS0ucHWh2tivWcKWuNE=",
      "dev": true,
      "dependencies": {
        "cli-cursor": {
          "version": "1.0.2",
          "resolved": "https://registry.npmjs.org/cli-cursor/-/cli-cursor-1.0.2.tgz",
          "integrity": "sha1-ZNo/fValRBLll5S9Ytw1KV6PKYc=",
          "dev": true
        },
        "onetime": {
          "version": "1.1.0",
          "resolved": "https://registry.npmjs.org/onetime/-/onetime-1.1.0.tgz",
          "integrity": "sha1-ofeDj4MUxRbwXs78vEzP4EtO14k=",
          "dev": true
        },
        "restore-cursor": {
          "version": "1.0.1",
          "resolved": "https://registry.npmjs.org/restore-cursor/-/restore-cursor-1.0.1.tgz",
          "integrity": "sha1-NGYfRohjJ/7SmRR5FSJS35LapUE=",
          "dev": true
        }
      }
    },
    "lru-cache": {
      "version": "4.1.1",
      "resolved": "https://registry.npmjs.org/lru-cache/-/lru-cache-4.1.1.tgz",
      "integrity": "sha512-q4spe4KTfsAS1SUHLO0wz8Qiyf1+vMIAgpRYioFYDMNqKfHQbg+AVDH3i4fvpl71/P1L0dBl+fQi+P37UYf0ew==",
      "dev": true
    },
    "mimic-fn": {
      "version": "1.1.0",
      "resolved": "https://registry.npmjs.org/mimic-fn/-/mimic-fn-1.1.0.tgz",
      "integrity": "sha1-5md4PZLonb00KBi1IwudYqZyrRg="
    },
    "minimatch": {
      "version": "3.0.4",
      "resolved": "https://registry.npmjs.org/minimatch/-/minimatch-3.0.4.tgz",
      "integrity": "sha512-yJHVQEhyqPLUTgt9B83PXu6W3rx4MvvHvSUvToogpwoGDOUQ+yDrR0HRot+yOCdCO7u4hX3pWft6kWBBcqh0UA=="
    },
    "minimist": {
      "version": "1.2.0",
      "resolved": "https://registry.npmjs.org/minimist/-/minimist-1.2.0.tgz",
      "integrity": "sha1-o1AIsg9BOD7sH7kU9M1d95omQoQ=",
      "dev": true
    },
    "mute-stream": {
      "version": "0.0.7",
      "resolved": "https://registry.npmjs.org/mute-stream/-/mute-stream-0.0.7.tgz",
      "integrity": "sha1-MHXOk7whuPq0PhvE2n6BFe0ee6s="
    },
    "normalize-path": {
      "version": "1.0.0",
      "resolved": "https://registry.npmjs.org/normalize-path/-/normalize-path-1.0.0.tgz",
      "integrity": "sha1-MtDkcvkf80VwHBWoMRAY07CpA3k=",
      "dev": true
    },
    "npm-path": {
      "version": "2.0.3",
      "resolved": "https://registry.npmjs.org/npm-path/-/npm-path-2.0.3.tgz",
      "integrity": "sha1-Fc/04ciaONp39W9gVbJPl137K74=",
      "dev": true
    },
    "npm-run-path": {
      "version": "2.0.2",
      "resolved": "https://registry.npmjs.org/npm-run-path/-/npm-run-path-2.0.2.tgz",
      "integrity": "sha1-NakjLfo11wZ7TLLd8jV7GHFTbF8=",
      "dev": true
    },
    "npm-which": {
      "version": "3.0.1",
      "resolved": "https://registry.npmjs.org/npm-which/-/npm-which-3.0.1.tgz",
      "integrity": "sha1-kiXybsOihcIJyuZ8OxGmtKtxQKo=",
      "dev": true
    },
    "number-is-nan": {
      "version": "1.0.1",
      "resolved": "https://registry.npmjs.org/number-is-nan/-/number-is-nan-1.0.1.tgz",
      "integrity": "sha1-CXtgK1NCKlIsGvuHkDGDNpQaAR0=",
      "dev": true
    },
    "object-assign": {
      "version": "4.1.1",
      "resolved": "https://registry.npmjs.org/object-assign/-/object-assign-4.1.1.tgz",
      "integrity": "sha1-IQmtx5ZYh8/AXLvUQsrIv7s2CGM=",
      "dev": true
    },
    "once": {
      "version": "1.4.0",
      "resolved": "https://registry.npmjs.org/once/-/once-1.4.0.tgz",
      "integrity": "sha1-WDsap3WWHUsROsF9nFC6753Xa9E="
    },
    "onetime": {
      "version": "2.0.1",
      "resolved": "https://registry.npmjs.org/onetime/-/onetime-2.0.1.tgz",
      "integrity": "sha1-BnQoIw/WdEOyeUsiu6UotoZ5YtQ="
    },
    "ora": {
      "version": "0.2.3",
      "resolved": "https://registry.npmjs.org/ora/-/ora-0.2.3.tgz",
      "integrity": "sha1-N1J9Igrc1Tw5tzVx11QVbV22V6Q=",
      "dev": true,
      "dependencies": {
        "cli-cursor": {
          "version": "1.0.2",
          "resolved": "https://registry.npmjs.org/cli-cursor/-/cli-cursor-1.0.2.tgz",
          "integrity": "sha1-ZNo/fValRBLll5S9Ytw1KV6PKYc=",
          "dev": true
        },
        "onetime": {
          "version": "1.1.0",
          "resolved": "https://registry.npmjs.org/onetime/-/onetime-1.1.0.tgz",
          "integrity": "sha1-ofeDj4MUxRbwXs78vEzP4EtO14k=",
          "dev": true
        },
        "restore-cursor": {
          "version": "1.0.1",
          "resolved": "https://registry.npmjs.org/restore-cursor/-/restore-cursor-1.0.1.tgz",
          "integrity": "sha1-NGYfRohjJ/7SmRR5FSJS35LapUE=",
          "dev": true
        }
      }
    },
    "os-homedir": {
      "version": "1.0.2",
      "resolved": "https://registry.npmjs.org/os-homedir/-/os-homedir-1.0.2.tgz",
      "integrity": "sha1-/7xJiDNuDoM94MFox+8VISGqf7M=",
      "dev": true
    },
    "os-tmpdir": {
      "version": "1.0.2",
      "resolved": "https://registry.npmjs.org/os-tmpdir/-/os-tmpdir-1.0.2.tgz",
      "integrity": "sha1-u+Z0BseaqFxc/sdm/lc0VV36EnQ="
    },
    "p-finally": {
      "version": "1.0.0",
      "resolved": "https://registry.npmjs.org/p-finally/-/p-finally-1.0.0.tgz",
      "integrity": "sha1-P7z7FbiZpEEjs0ttzBi3JDNqLK4=",
      "dev": true
    },
    "p-map": {
      "version": "1.1.1",
      "resolved": "https://registry.npmjs.org/p-map/-/p-map-1.1.1.tgz",
      "integrity": "sha1-BfXkrpegaDcbwqXMhr+9vBnErno=",
      "dev": true
    },
    "parse-json": {
      "version": "2.2.0",
      "resolved": "https://registry.npmjs.org/parse-json/-/parse-json-2.2.0.tgz",
      "integrity": "sha1-9ID0BDTvgHQfhGkJn43qGPVaTck=",
      "dev": true
    },
    "path-is-absolute": {
      "version": "1.0.1",
      "resolved": "https://registry.npmjs.org/path-is-absolute/-/path-is-absolute-1.0.1.tgz",
      "integrity": "sha1-F0uSaHNVNP+8es5r9TpanhtcX18="
    },
    "path-key": {
      "version": "2.0.1",
      "resolved": "https://registry.npmjs.org/path-key/-/path-key-2.0.1.tgz",
      "integrity": "sha1-QRyttXTFoUDTpLGRDUDYDMn0C0A=",
      "dev": true
    },
    "pegjs": {
      "version": "0.10.0",
      "resolved": "https://registry.npmjs.org/pegjs/-/pegjs-0.10.0.tgz",
      "integrity": "sha1-z4uvrm7d/0tafvsYUmnqr0YQ3b0="
    },
    "pinkie": {
      "version": "2.0.4",
      "resolved": "https://registry.npmjs.org/pinkie/-/pinkie-2.0.4.tgz",
      "integrity": "sha1-clVrgM+g1IqXToDnckjoDtT3+HA=",
      "dev": true
    },
    "pinkie-promise": {
      "version": "2.0.1",
      "resolved": "https://registry.npmjs.org/pinkie-promise/-/pinkie-promise-2.0.1.tgz",
      "integrity": "sha1-ITXW36ejWMBprJsXh3YogihFD/o=",
      "dev": true
    },
    "plist": {
      "version": "2.0.1",
      "resolved": "https://registry.npmjs.org/plist/-/plist-2.0.1.tgz",
      "integrity": "sha1-CjLKlIGxw2TpLhjcVch23p0B2os="
    },
    "prettier": {
      "version": "1.5.3",
      "resolved": "https://registry.npmjs.org/prettier/-/prettier-1.5.3.tgz",
      "integrity": "sha1-WdrcaDNF7GuI+IuU7Urn4do5S/4=",
      "dev": true
    },
    "progress": {
      "version": "2.0.0",
      "resolved": "https://registry.npmjs.org/progress/-/progress-2.0.0.tgz",
      "integrity": "sha1-ihvjZr+Pwj2yvSPxDG/pILQ4nR8="
    },
    "pseudomap": {
      "version": "1.0.2",
      "resolved": "https://registry.npmjs.org/pseudomap/-/pseudomap-1.0.2.tgz",
      "integrity": "sha1-8FKijacOYYkX7wqKw0wa5aaChrM=",
      "dev": true
    },
    "raven-js": {
      "version": "3.17.0",
      "resolved": "https://registry.npmjs.org/raven-js/-/raven-js-3.17.0.tgz",
      "integrity": "sha1-d5RXrHkQUSw8LMm7bQqe61mpaew="
    },
    "repeating": {
      "version": "2.0.1",
      "resolved": "https://registry.npmjs.org/repeating/-/repeating-2.0.1.tgz",
      "integrity": "sha1-UhTFOpJtNVJwdSf7q0FdvAjQbdo=",
      "dev": true
    },
    "require-from-string": {
      "version": "1.2.1",
      "resolved": "https://registry.npmjs.org/require-from-string/-/require-from-string-1.2.1.tgz",
      "integrity": "sha1-UpyczvJzgK3+yaL5ZbZJu+5jZBg=",
      "dev": true
    },
    "restore-cursor": {
      "version": "2.0.0",
      "resolved": "https://registry.npmjs.org/restore-cursor/-/restore-cursor-2.0.0.tgz",
      "integrity": "sha1-n37ih/gv0ybU/RYpI9YhKe7g368="
    },
    "run-async": {
      "version": "2.3.0",
      "resolved": "https://registry.npmjs.org/run-async/-/run-async-2.3.0.tgz",
      "integrity": "sha1-A3GrSuC91yDUFm19/aZP96RFpsA="
    },
    "rx": {
      "version": "4.1.0",
      "resolved": "https://registry.npmjs.org/rx/-/rx-4.1.0.tgz",
      "integrity": "sha1-pfE/957zt0D+MKqAP7CfmIBdR4I="
    },
    "rxjs": {
      "version": "5.4.2",
      "resolved": "https://registry.npmjs.org/rxjs/-/rxjs-5.4.2.tgz",
      "integrity": "sha1-KjI2/L8D31e64G/Wly/ZnlwI/Pc=",
      "dev": true
    },
    "sentry-cli-binary": {
      "version": "1.17.0",
      "resolved": "https://registry.npmjs.org/sentry-cli-binary/-/sentry-cli-binary-1.17.0.tgz",
      "integrity": "sha1-TnNqIbDPxJs94vdUtIYkK20er/I="
    },
    "shebang-command": {
      "version": "1.2.0",
      "resolved": "https://registry.npmjs.org/shebang-command/-/shebang-command-1.2.0.tgz",
      "integrity": "sha1-RKrGW2lbAzmJaMOfNj/uXer98eo=",
      "dev": true
    },
    "shebang-regex": {
      "version": "1.0.0",
      "resolved": "https://registry.npmjs.org/shebang-regex/-/shebang-regex-1.0.0.tgz",
      "integrity": "sha1-2kL0l0DAtC2yypcoVxyxkMmO/qM=",
      "dev": true
    },
    "signal-exit": {
      "version": "3.0.2",
      "resolved": "https://registry.npmjs.org/signal-exit/-/signal-exit-3.0.2.tgz",
      "integrity": "sha1-tf3AjxKH6hF4Yo5BXiUTK3NkbG0="
    },
    "simple-plist": {
      "version": "0.2.1",
      "resolved": "https://registry.npmjs.org/simple-plist/-/simple-plist-0.2.1.tgz",
      "integrity": "sha1-cXZts1IyaSjPOoByQrp2IyJjZyM="
    },
    "slice-ansi": {
      "version": "0.0.4",
      "resolved": "https://registry.npmjs.org/slice-ansi/-/slice-ansi-0.0.4.tgz",
      "integrity": "sha1-7b+JA/ZvfOL46v1s7tZeJkyDGzU=",
      "dev": true
    },
    "sprintf-js": {
      "version": "1.0.3",
      "resolved": "https://registry.npmjs.org/sprintf-js/-/sprintf-js-1.0.3.tgz",
      "integrity": "sha1-BOaSb2YolTVPPdAVIDYzuFcpfiw=",
      "dev": true
    },
    "staged-git-files": {
      "version": "0.0.4",
      "resolved": "https://registry.npmjs.org/staged-git-files/-/staged-git-files-0.0.4.tgz",
      "integrity": "sha1-15fhtVHKemOd7AI33G60u5vhfTU=",
      "dev": true
    },
    "stream-buffers": {
      "version": "2.2.0",
      "resolved": "https://registry.npmjs.org/stream-buffers/-/stream-buffers-2.2.0.tgz",
      "integrity": "sha1-kdX1Ew0c75bc+n9yaUUYh0HQnuQ="
    },
    "stream-to-observable": {
      "version": "0.1.0",
      "resolved": "https://registry.npmjs.org/stream-to-observable/-/stream-to-observable-0.1.0.tgz",
      "integrity": "sha1-Rb8dny19wJvtgfHDB8Qw5ouEz/4=",
      "dev": true
    },
    "string-width": {
      "version": "2.1.1",
      "resolved": "https://registry.npmjs.org/string-width/-/string-width-2.1.1.tgz",
      "integrity": "sha512-nOqH59deCq9SRHlxq1Aw85Jnt4w6KvLKqWVik6oA9ZklXLNIOlqg4F2yrT1MVaTjAqvVwdfeZ7w7aCvJD7ugkw==",
      "dependencies": {
        "ansi-regex": {
          "version": "3.0.0",
          "resolved": "https://registry.npmjs.org/ansi-regex/-/ansi-regex-3.0.0.tgz",
          "integrity": "sha1-7QMXwyIGT3lGbAKWa922Bas32Zg="
        },
        "strip-ansi": {
          "version": "4.0.0",
          "resolved": "https://registry.npmjs.org/strip-ansi/-/strip-ansi-4.0.0.tgz",
          "integrity": "sha1-qEeQIusaw2iocTibY1JixQXuNo8="
        }
      }
    },
    "strip-ansi": {
      "version": "3.0.1",
      "resolved": "https://registry.npmjs.org/strip-ansi/-/strip-ansi-3.0.1.tgz",
      "integrity": "sha1-ajhfuIU9lS1f8F0Oiq+UJ43GPc8="
    },
    "strip-eof": {
      "version": "1.0.0",
      "resolved": "https://registry.npmjs.org/strip-eof/-/strip-eof-1.0.0.tgz",
      "integrity": "sha1-u0P/VZim6wXYm1n80SnJgzE2Br8=",
      "dev": true
    },
    "supports-color": {
      "version": "2.0.0",
      "resolved": "https://registry.npmjs.org/supports-color/-/supports-color-2.0.0.tgz",
      "integrity": "sha1-U10EXOa2Nj+kARcIRimZXp3zJMc="
    },
    "symbol-observable": {
      "version": "1.0.4",
      "resolved": "https://registry.npmjs.org/symbol-observable/-/symbol-observable-1.0.4.tgz",
      "integrity": "sha1-Kb9hXUqnEhvdiYsi1LP5vE4qoD0=",
      "dev": true
    },
    "through": {
      "version": "2.3.8",
      "resolved": "https://registry.npmjs.org/through/-/through-2.3.8.tgz",
      "integrity": "sha1-DdTJ/6q8NXlgsbckEV1+Doai4fU="
    },
    "tmp": {
      "version": "0.0.31",
      "resolved": "https://registry.npmjs.org/tmp/-/tmp-0.0.31.tgz",
      "integrity": "sha1-jzirlDjhcxXl29izZX6L+yd65Kc="
    },
    "uuid": {
      "version": "3.0.1",
      "resolved": "https://registry.npmjs.org/uuid/-/uuid-3.0.1.tgz",
      "integrity": "sha1-ZUS7ot/ajBzxfmKaOjBeK7H+5sE="
    },
    "which": {
      "version": "1.2.14",
      "resolved": "https://registry.npmjs.org/which/-/which-1.2.14.tgz",
      "integrity": "sha1-mofEN48D6CfOyvGs31bHNsAcFOU=",
      "dev": true
    },
    "wrappy": {
      "version": "1.0.2",
      "resolved": "https://registry.npmjs.org/wrappy/-/wrappy-1.0.2.tgz",
      "integrity": "sha1-tSQ9jz7BqjXxNkYFvA0QNuMKtp8="
    },
    "xcode": {
      "version": "0.9.3",
      "resolved": "https://registry.npmjs.org/xcode/-/xcode-0.9.3.tgz",
      "integrity": "sha1-kQqJwWrubMC0LKgFptC0z4chHPM="
    },
    "xmlbuilder": {
      "version": "8.2.2",
      "resolved": "https://registry.npmjs.org/xmlbuilder/-/xmlbuilder-8.2.2.tgz",
      "integrity": "sha1-aSSGc0ELS6QuGmE2VR0pIjNap3M="
    },
    "xmldom": {
      "version": "0.1.27",
      "resolved": "https://registry.npmjs.org/xmldom/-/xmldom-0.1.27.tgz",
      "integrity": "sha1-1QH5ezvbQDr4757MIFcxh6rawOk="
    },
    "yallist": {
      "version": "2.1.2",
      "resolved": "https://registry.npmjs.org/yallist/-/yallist-2.1.2.tgz",
      "integrity": "sha1-HBH5IY8HYImkfdUS+TxmmaaoHVI=",
      "dev": true
    }
  }
}
