// !$*UTF8*$!
{
	archiveVersion = 1;
	classes = {
	};
	objectVersion = 46;
	objects = {

/* Begin PBXBuildFile section */
		63329BC71E47AB8D0099D77A /* RSSwizzle.m in Sources */ = {isa = PBXBuildFile; fileRef = 63329BC61E47AB8D0099D77A /* RSSwizzle.m */; };
		6350257B1E1E845F00408AE7 /* RNSentry.h in Copy Headers */ = {isa = PBXBuildFile; fileRef = B3E7B5881CC2AC0600A0062D /* RNSentry.h */; };
		B3E7B58A1CC2AC0600A0062D /* RNSentry.m in Sources */ = {isa = PBXBuildFile; fileRef = B3E7B5891CC2AC0600A0062D /* RNSentry.m */; };
/* End PBXBuildFile section */

/* Begin PBXContainerItemProxy section */
		632232681E76C4A500F58A1F /* PBXContainerItemProxy */ = {
			isa = PBXContainerItemProxy;
			containerPortal = 632232591E76C4A500F58A1F /* Sentry.xcodeproj */;
			proxyType = 2;
			remoteGlobalIDString = 03E94AEC1C22595B009F8F29;
			remoteInfo = "Sentry-OSX";
		};
		6322326A1E76C4A500F58A1F /* PBXContainerItemProxy */ = {
			isa = PBXContainerItemProxy;
			containerPortal = 632232591E76C4A500F58A1F /* Sentry.xcodeproj */;
			proxyType = 2;
			remoteGlobalIDString = 03E94B0B1C22596A009F8F29;
			remoteInfo = "Sentry-iOS";
		};
		6322326C1E76C4A500F58A1F /* PBXContainerItemProxy */ = {
			isa = PBXContainerItemProxy;
			containerPortal = 632232591E76C4A500F58A1F /* Sentry.xcodeproj */;
			proxyType = 2;
			remoteGlobalIDString = 03C7150C1CE4DB540080AE60;
			remoteInfo = "Sentry-tvOS";
		};
		6322326E1E76C4A500F58A1F /* PBXContainerItemProxy */ = {
			isa = PBXContainerItemProxy;
			containerPortal = 632232591E76C4A500F58A1F /* Sentry.xcodeproj */;
			proxyType = 2;
			remoteGlobalIDString = 63CDAB1A1DD9D45900B63921;
			remoteInfo = "Sentry-WatchOS";
		};
		632232701E76C4A500F58A1F /* PBXContainerItemProxy */ = {
			isa = PBXContainerItemProxy;
			containerPortal = 632232591E76C4A500F58A1F /* Sentry.xcodeproj */;
			proxyType = 2;
			remoteGlobalIDString = 03E94AF61C22595C009F8F29;
			remoteInfo = "Sentry-OSXTests";
		};
		632232721E76C4A500F58A1F /* PBXContainerItemProxy */ = {
			isa = PBXContainerItemProxy;
			containerPortal = 632232591E76C4A500F58A1F /* Sentry.xcodeproj */;
			proxyType = 2;
			remoteGlobalIDString = 03E94B141C22596A009F8F29;
			remoteInfo = "Sentry-iOSTests";
		};
		632232741E76C4A500F58A1F /* PBXContainerItemProxy */ = {
			isa = PBXContainerItemProxy;
			containerPortal = 632232591E76C4A500F58A1F /* Sentry.xcodeproj */;
			proxyType = 2;
			remoteGlobalIDString = 03C715151CE4DB540080AE60;
			remoteInfo = "Sentry-tvOSTests";
		};
		632232761E76C4A500F58A1F /* PBXContainerItemProxy */ = {
			isa = PBXContainerItemProxy;
			containerPortal = 632232591E76C4A500F58A1F /* Sentry.xcodeproj */;
			proxyType = 2;
			remoteGlobalIDString = 63CDAB5E1DDB164500B63921;
			remoteInfo = iOS;
		};
		632232B11E76C58400F58A1F /* PBXContainerItemProxy */ = {
			isa = PBXContainerItemProxy;
			containerPortal = 632232591E76C4A500F58A1F /* Sentry.xcodeproj */;
			proxyType = 1;
			remoteGlobalIDString = 03E94B0A1C22596A009F8F29;
			remoteInfo = "Sentry-iOS";
		};
/* End PBXContainerItemProxy section */

/* Begin PBXCopyFilesBuildPhase section */
		6350257A1E1E845100408AE7 /* Copy Headers */ = {
			isa = PBXCopyFilesBuildPhase;
			buildActionMask = 2147483647;
			dstPath = include/React;
			dstSubfolderSpec = 16;
			files = (
				6350257B1E1E845F00408AE7 /* RNSentry.h in Copy Headers */,
			);
			name = "Copy Headers";
			runOnlyForDeploymentPostprocessing = 0;
		};
/* End PBXCopyFilesBuildPhase section */

/* Begin PBXFileReference section */
		134814201AA4EA6300B7C361 /* libRNSentry.a */ = {isa = PBXFileReference; explicitFileType = archive.ar; includeInIndex = 0; path = libRNSentry.a; sourceTree = BUILT_PRODUCTS_DIR; };
		632232591E76C4A500F58A1F /* Sentry.xcodeproj */ = {isa = PBXFileReference; lastKnownFileType = "wrapper.pb-project"; name = Sentry.xcodeproj; path = Sentry/Sentry.xcodeproj; sourceTree = "<group>"; };
		63329BC51E47AB8D0099D77A /* RSSwizzle.h */ = {isa = PBXFileReference; fileEncoding = 4; lastKnownFileType = sourcecode.c.h; path = RSSwizzle.h; sourceTree = "<group>"; };
		63329BC61E47AB8D0099D77A /* RSSwizzle.m */ = {isa = PBXFileReference; fileEncoding = 4; lastKnownFileType = sourcecode.c.objc; path = RSSwizzle.m; sourceTree = "<group>"; };
		B3E7B5881CC2AC0600A0062D /* RNSentry.h */ = {isa = PBXFileReference; fileEncoding = 4; lastKnownFileType = sourcecode.c.h; path = RNSentry.h; sourceTree = "<group>"; };
		B3E7B5891CC2AC0600A0062D /* RNSentry.m */ = {isa = PBXFileReference; fileEncoding = 4; lastKnownFileType = sourcecode.c.objc; path = RNSentry.m; sourceTree = "<group>"; };
/* End PBXFileReference section */

/* Begin PBXFrameworksBuildPhase section */
		58B511D81A9E6C8500147676 /* Frameworks */ = {
			isa = PBXFrameworksBuildPhase;
			buildActionMask = 2147483647;
			files = (
			);
			runOnlyForDeploymentPostprocessing = 0;
		};
/* End PBXFrameworksBuildPhase section */

/* Begin PBXGroup section */
		134814211AA4EA7D00B7C361 /* Products */ = {
			isa = PBXGroup;
			children = (
				134814201AA4EA6300B7C361 /* libRNSentry.a */,
			);
			name = Products;
			sourceTree = "<group>";
		};
		58B511D21A9E6C8500147676 = {
			isa = PBXGroup;
			children = (
				632232581E76C45800F58A1F /* Libraries */,
				63329BC41E47AB790099D77A /* Vendor */,
				B3E7B5881CC2AC0600A0062D /* RNSentry.h */,
				B3E7B5891CC2AC0600A0062D /* RNSentry.m */,
				134814211AA4EA7D00B7C361 /* Products */,
			);
			sourceTree = "<group>";
		};
		632232581E76C45800F58A1F /* Libraries */ = {
			isa = PBXGroup;
			children = (
				632232591E76C4A500F58A1F /* Sentry.xcodeproj */,
			);
			name = Libraries;
			sourceTree = "<group>";
		};
		6322325A1E76C4A500F58A1F /* Products */ = {
			isa = PBXGroup;
			children = (
				632232691E76C4A500F58A1F /* Sentry.framework */,
				6322326B1E76C4A500F58A1F /* Sentry.framework */,
				6322326D1E76C4A500F58A1F /* Sentry.framework */,
				6322326F1E76C4A500F58A1F /* Sentry.framework */,
				632232711E76C4A500F58A1F /* SentryTests.xctest */,
				632232731E76C4A500F58A1F /* Sentry-iOSTests.xctest */,
				632232751E76C4A500F58A1F /* Sentry-tvOSTests.xctest */,
				632232771E76C4A500F58A1F /* iOS.app */,
			);
			name = Products;
			sourceTree = "<group>";
		};
		63329BC41E47AB790099D77A /* Vendor */ = {
			isa = PBXGroup;
			children = (
				63329BC51E47AB8D0099D77A /* RSSwizzle.h */,
				63329BC61E47AB8D0099D77A /* RSSwizzle.m */,
			);
			name = Vendor;
			sourceTree = "<group>";
		};
/* End PBXGroup section */

/* Begin PBXNativeTarget section */
		58B511DA1A9E6C8500147676 /* RNSentry */ = {
			isa = PBXNativeTarget;
			buildConfigurationList = 58B511EF1A9E6C8500147676 /* Build configuration list for PBXNativeTarget "RNSentry" */;
			buildPhases = (
				58B511D71A9E6C8500147676 /* Sources */,
				58B511D81A9E6C8500147676 /* Frameworks */,
				6350257A1E1E845100408AE7 /* Copy Headers */,
			);
			buildRules = (
			);
			dependencies = (
				632232B21E76C58400F58A1F /* PBXTargetDependency */,
			);
			name = RNSentry;
			productName = RCTDataManager;
			productReference = 134814201AA4EA6300B7C361 /* libRNSentry.a */;
			productType = "com.apple.product-type.library.static";
		};
/* End PBXNativeTarget section */

/* Begin PBXProject section */
		58B511D31A9E6C8500147676 /* Project object */ = {
			isa = PBXProject;
			attributes = {
				LastUpgradeCheck = 0610;
				ORGANIZATIONNAME = Facebook;
				TargetAttributes = {
					58B511DA1A9E6C8500147676 = {
						CreatedOnToolsVersion = 6.1.1;
					};
				};
			};
			buildConfigurationList = 58B511D61A9E6C8500147676 /* Build configuration list for PBXProject "RNSentry" */;
			compatibilityVersion = "Xcode 3.2";
			developmentRegion = English;
			hasScannedForEncodings = 0;
			knownRegions = (
				en,
			);
			mainGroup = 58B511D21A9E6C8500147676;
			productRefGroup = 58B511D21A9E6C8500147676;
			projectDirPath = "";
			projectReferences = (
				{
					ProductGroup = 6322325A1E76C4A500F58A1F /* Products */;
					ProjectRef = 632232591E76C4A500F58A1F /* Sentry.xcodeproj */;
				},
			);
			projectRoot = "";
			targets = (
				58B511DA1A9E6C8500147676 /* RNSentry */,
			);
		};
/* End PBXProject section */

/* Begin PBXReferenceProxy section */
		632232691E76C4A500F58A1F /* Sentry.framework */ = {
			isa = PBXReferenceProxy;
			fileType = wrapper.framework;
			path = Sentry.framework;
			remoteRef = 632232681E76C4A500F58A1F /* PBXContainerItemProxy */;
			sourceTree = BUILT_PRODUCTS_DIR;
		};
		6322326B1E76C4A500F58A1F /* Sentry.framework */ = {
			isa = PBXReferenceProxy;
			fileType = wrapper.framework;
			path = Sentry.framework;
			remoteRef = 6322326A1E76C4A500F58A1F /* PBXContainerItemProxy */;
			sourceTree = BUILT_PRODUCTS_DIR;
		};
		6322326D1E76C4A500F58A1F /* Sentry.framework */ = {
			isa = PBXReferenceProxy;
			fileType = wrapper.framework;
			path = Sentry.framework;
			remoteRef = 6322326C1E76C4A500F58A1F /* PBXContainerItemProxy */;
			sourceTree = BUILT_PRODUCTS_DIR;
		};
		6322326F1E76C4A500F58A1F /* Sentry.framework */ = {
			isa = PBXReferenceProxy;
			fileType = wrapper.framework;
			path = Sentry.framework;
			remoteRef = 6322326E1E76C4A500F58A1F /* PBXContainerItemProxy */;
			sourceTree = BUILT_PRODUCTS_DIR;
		};
		632232711E76C4A500F58A1F /* SentryTests.xctest */ = {
			isa = PBXReferenceProxy;
			fileType = wrapper.cfbundle;
			path = SentryTests.xctest;
			remoteRef = 632232701E76C4A500F58A1F /* PBXContainerItemProxy */;
			sourceTree = BUILT_PRODUCTS_DIR;
		};
		632232731E76C4A500F58A1F /* Sentry-iOSTests.xctest */ = {
			isa = PBXReferenceProxy;
			fileType = wrapper.cfbundle;
			path = "Sentry-iOSTests.xctest";
			remoteRef = 632232721E76C4A500F58A1F /* PBXContainerItemProxy */;
			sourceTree = BUILT_PRODUCTS_DIR;
		};
		632232751E76C4A500F58A1F /* Sentry-tvOSTests.xctest */ = {
			isa = PBXReferenceProxy;
			fileType = wrapper.cfbundle;
			path = "Sentry-tvOSTests.xctest";
			remoteRef = 632232741E76C4A500F58A1F /* PBXContainerItemProxy */;
			sourceTree = BUILT_PRODUCTS_DIR;
		};
		632232771E76C4A500F58A1F /* iOS.app */ = {
			isa = PBXReferenceProxy;
			fileType = wrapper.application;
			path = iOS.app;
			remoteRef = 632232761E76C4A500F58A1F /* PBXContainerItemProxy */;
			sourceTree = BUILT_PRODUCTS_DIR;
		};
/* End PBXReferenceProxy section */

/* Begin PBXSourcesBuildPhase section */
		58B511D71A9E6C8500147676 /* Sources */ = {
			isa = PBXSourcesBuildPhase;
			buildActionMask = 2147483647;
			files = (
				B3E7B58A1CC2AC0600A0062D /* RNSentry.m in Sources */,
				63329BC71E47AB8D0099D77A /* RSSwizzle.m in Sources */,
			);
			runOnlyForDeploymentPostprocessing = 0;
		};
/* End PBXSourcesBuildPhase section */

/* Begin PBXTargetDependency section */
		632232B21E76C58400F58A1F /* PBXTargetDependency */ = {
			isa = PBXTargetDependency;
			name = "Sentry-iOS";
			targetProxy = 632232B11E76C58400F58A1F /* PBXContainerItemProxy */;
		};
/* End PBXTargetDependency section */

/* Begin XCBuildConfiguration section */
		58B511ED1A9E6C8500147676 /* Debug */ = {
			isa = XCBuildConfiguration;
			buildSettings = {
				ALWAYS_SEARCH_USER_PATHS = NO;
				CLANG_CXX_LANGUAGE_STANDARD = "gnu++0x";
				CLANG_CXX_LIBRARY = "libc++";
				CLANG_ENABLE_MODULES = YES;
				CLANG_ENABLE_OBJC_ARC = YES;
				CLANG_WARN_BOOL_CONVERSION = YES;
				CLANG_WARN_CONSTANT_CONVERSION = YES;
				CLANG_WARN_DIRECT_OBJC_ISA_USAGE = YES_ERROR;
				CLANG_WARN_EMPTY_BODY = YES;
				CLANG_WARN_ENUM_CONVERSION = YES;
				CLANG_WARN_INT_CONVERSION = YES;
				CLANG_WARN_OBJC_ROOT_CLASS = YES_ERROR;
				CLANG_WARN_UNREACHABLE_CODE = YES;
				CLANG_WARN__DUPLICATE_METHOD_MATCH = YES;
				COPY_PHASE_STRIP = NO;
				ENABLE_STRICT_OBJC_MSGSEND = YES;
				GCC_C_LANGUAGE_STANDARD = gnu99;
				GCC_DYNAMIC_NO_PIC = NO;
				GCC_OPTIMIZATION_LEVEL = 0;
				GCC_PREPROCESSOR_DEFINITIONS = (
					"DEBUG=1",
					"$(inherited)",
				);
				GCC_SYMBOLS_PRIVATE_EXTERN = NO;
				GCC_WARN_64_TO_32_BIT_CONVERSION = YES;
				GCC_WARN_ABOUT_RETURN_TYPE = YES_ERROR;
				GCC_WARN_UNDECLARED_SELECTOR = YES;
				GCC_WARN_UNINITIALIZED_AUTOS = YES_AGGRESSIVE;
				GCC_WARN_UNUSED_FUNCTION = YES;
				GCC_WARN_UNUSED_VARIABLE = YES;
				IPHONEOS_DEPLOYMENT_TARGET = 7.0;
				MTL_ENABLE_DEBUG_INFO = YES;
				ONLY_ACTIVE_ARCH = YES;
				SDKROOT = iphoneos;
			};
			name = Debug;
		};
		58B511EE1A9E6C8500147676 /* Release */ = {
			isa = XCBuildConfiguration;
			buildSettings = {
				ALWAYS_SEARCH_USER_PATHS = NO;
				CLANG_CXX_LANGUAGE_STANDARD = "gnu++0x";
				CLANG_CXX_LIBRARY = "libc++";
				CLANG_ENABLE_MODULES = YES;
				CLANG_ENABLE_OBJC_ARC = YES;
				CLANG_WARN_BOOL_CONVERSION = YES;
				CLANG_WARN_CONSTANT_CONVERSION = YES;
				CLANG_WARN_DIRECT_OBJC_ISA_USAGE = YES_ERROR;
				CLANG_WARN_EMPTY_BODY = YES;
				CLANG_WARN_ENUM_CONVERSION = YES;
				CLANG_WARN_INT_CONVERSION = YES;
				CLANG_WARN_OBJC_ROOT_CLASS = YES_ERROR;
				CLANG_WARN_UNREACHABLE_CODE = YES;
				CLANG_WARN__DUPLICATE_METHOD_MATCH = YES;
				COPY_PHASE_STRIP = YES;
				ENABLE_NS_ASSERTIONS = NO;
				ENABLE_STRICT_OBJC_MSGSEND = YES;
				GCC_C_LANGUAGE_STANDARD = gnu99;
				GCC_WARN_64_TO_32_BIT_CONVERSION = YES;
				GCC_WARN_ABOUT_RETURN_TYPE = YES_ERROR;
				GCC_WARN_UNDECLARED_SELECTOR = YES;
				GCC_WARN_UNINITIALIZED_AUTOS = YES_AGGRESSIVE;
				GCC_WARN_UNUSED_FUNCTION = YES;
				GCC_WARN_UNUSED_VARIABLE = YES;
				IPHONEOS_DEPLOYMENT_TARGET = 7.0;
				MTL_ENABLE_DEBUG_INFO = NO;
				SDKROOT = iphoneos;
				VALIDATE_PRODUCT = YES;
			};
			name = Release;
		};
		58B511F01A9E6C8500147676 /* Debug */ = {
			isa = XCBuildConfiguration;
			buildSettings = {
				FRAMEWORK_SEARCH_PATHS = (
					"$(inherited)",
					"$(PROJECT_DIR)",
				);
				HEADER_SEARCH_PATHS = "$(inherited)";
				LIBRARY_SEARCH_PATHS = "$(inherited)";
				OTHER_LDFLAGS = "-ObjC";
				PRODUCT_NAME = RNSentry;
				SKIP_INSTALL = YES;
			};
			name = Debug;
		};
		58B511F11A9E6C8500147676 /* Release */ = {
			isa = XCBuildConfiguration;
			buildSettings = {
				FRAMEWORK_SEARCH_PATHS = (
					"$(inherited)",
					"$(PROJECT_DIR)",
				);
				HEADER_SEARCH_PATHS = "$(inherited)";
				LIBRARY_SEARCH_PATHS = "$(inherited)";
				OTHER_LDFLAGS = "-ObjC";
				PRODUCT_NAME = RNSentry;
				SKIP_INSTALL = YES;
			};
			name = Release;
		};
/* End XCBuildConfiguration section */

/* Begin XCConfigurationList section */
		58B511D61A9E6C8500147676 /* Build configuration list for PBXProject "RNSentry" */ = {
			isa = XCConfigurationList;
			buildConfigurations = (
				58B511ED1A9E6C8500147676 /* Debug */,
				58B511EE1A9E6C8500147676 /* Release */,
			);
			defaultConfigurationIsVisible = 0;
			defaultConfigurationName = Release;
		};
		58B511EF1A9E6C8500147676 /* Build configuration list for PBXNativeTarget "RNSentry" */ = {
			isa = XCConfigurationList;
			buildConfigurations = (
				58B511F01A9E6C8500147676 /* Debug */,
				58B511F11A9E6C8500147676 /* Release */,
			);
			defaultConfigurationIsVisible = 0;
			defaultConfigurationName = Release;
		};
/* End XCConfigurationList section */
	};
	rootObject = 58B511D31A9E6C8500147676 /* Project object */;
}
